
Microsoft Visual Studio Solution File, Format Version 12.00
# Visual Studio Version 17
VisualStudioVersion = 17.5.33530.505
MinimumVisualStudioVersion = 10.0.40219.1
Project("{FAE04EC0-301F-11D3-BF4B-00C04F79EFBC}") = "DiscordPing", "DiscordPing\DiscordPing.csproj", "{2ECE16F9-F03F-480B-A0A4-C9ECA0539F2E}"
EndProject
Global
	GlobalSection(SolutionConfigurationPlatforms) = preSolution
		Debug|Any CPU = Debug|Any CPU
		Release|Any CPU = Release|Any CPU
	EndGlobalSection
	GlobalSection(ProjectConfigurationPlatforms) = postSolution
		{2ECE16F9-F03F-480B-A0A4-C9ECA0539F2E}.Debug|Any CPU.ActiveCfg = Debug|Any CPU
		{2ECE16F9-F03F-480B-A0A4-C9ECA0539F2E}.Debug|Any CPU.Build.0 = Debug|Any CPU
		{2ECE16F9-F03F-480B-A0A4-C9ECA0539F2E}.Release|Any CPU.ActiveCfg = Release|Any CPU
		{2ECE16F9-F03F-480B-A0A4-C9ECA0539F2E}.Release|Any CPU.Build.0 = Release|Any CPU
	EndGlobalSection
	GlobalSection(SolutionProperties) = preSolution
		HideSolutionNode = FALSE
	EndGlobalSection
	GlobalSection(ExtensibilityGlobals) = postSolution
		SolutionGuid = {89ED1FDD-1042-462D-85FD-7B948697BE1D}
	EndGlobalSection
EndGlobal
